// !$*UTF8*$!
{
	archiveVersion = 1;
	classes = {
	};
	objectVersion = 50;
	objects = {

/* Begin PBXBuildFile section */
		33E5041A253DD7A500AC1DA1 /* HomeViewModel.swift in Sources */ = {isa = PBXBuildFile; fileRef = 33E50419253DD7A500AC1DA1 /* HomeViewModel.swift */; };
		7B0B003F252C9C3300E2C8BD /* AppDelegate.swift in Sources */ = {isa = PBXBuildFile; fileRef = 7B0B003E252C9C3300E2C8BD /* AppDelegate.swift */; };
		7B0B0041252C9C3300E2C8BD /* SceneDelegate.swift in Sources */ = {isa = PBXBuildFile; fileRef = 7B0B0040252C9C3300E2C8BD /* SceneDelegate.swift */; };
		7B0B0048252C9C3500E2C8BD /* Assets.xcassets in Resources */ = {isa = PBXBuildFile; fileRef = 7B0B0047252C9C3500E2C8BD /* Assets.xcassets */; };
		7B0B004B252C9C3500E2C8BD /* LaunchScreen.storyboard in Resources */ = {isa = PBXBuildFile; fileRef = 7B0B0049252C9C3500E2C8BD /* LaunchScreen.storyboard */; };
		7B0B0061252C9C3600E2C8BD /* TestLeboncoinUITests.swift in Sources */ = {isa = PBXBuildFile; fileRef = 7B0B0060252C9C3600E2C8BD /* TestLeboncoinUITests.swift */; };
		7B0B0085252CA7D200E2C8BD /* HomeInteractor.swift in Sources */ = {isa = PBXBuildFile; fileRef = 7B0B0084252CA7D200E2C8BD /* HomeInteractor.swift */; };
		7B0B008A252CA7E100E2C8BD /* HomePresenter.swift in Sources */ = {isa = PBXBuildFile; fileRef = 7B0B0089252CA7E100E2C8BD /* HomePresenter.swift */; };
		7B0B008F252CA7FD00E2C8BD /* HomeRouter.swift in Sources */ = {isa = PBXBuildFile; fileRef = 7B0B008E252CA7FD00E2C8BD /* HomeRouter.swift */; };
		7B0B0095252CA81F00E2C8BD /* HomeProtocols.swift in Sources */ = {isa = PBXBuildFile; fileRef = 7B0B0094252CA81F00E2C8BD /* HomeProtocols.swift */; };
		7B0B009D252CA93900E2C8BD /* Item.swift in Sources */ = {isa = PBXBuildFile; fileRef = 7B0B009C252CA93900E2C8BD /* Item.swift */; };
		7B0B00A2252CBF9F00E2C8BD /* HomeViewController.swift in Sources */ = {isa = PBXBuildFile; fileRef = 7B0B00A1252CBF9F00E2C8BD /* HomeViewController.swift */; };
		7B0B00A7252CC45900E2C8BD /* HomeView.swift in Sources */ = {isa = PBXBuildFile; fileRef = 7B0B00A6252CC45900E2C8BD /* HomeView.swift */; };
		7B0B00AC252CCEE900E2C8BD /* HomeTableViewCell.swift in Sources */ = {isa = PBXBuildFile; fileRef = 7B0B00AB252CCEE900E2C8BD /* HomeTableViewCell.swift */; };
		7B0B00BB252D22CE00E2C8BD /* Extensions.swift in Sources */ = {isa = PBXBuildFile; fileRef = 7B0B00BA252D22CE00E2C8BD /* Extensions.swift */; };
		7B602C07252FB18E001F7AFF /* TestFilterModule.swift in Sources */ = {isa = PBXBuildFile; fileRef = 7B602C06252FB18E001F7AFF /* TestFilterModule.swift */; };
		7B602C0F252FBA0D001F7AFF /* TestHomeViewController.swift in Sources */ = {isa = PBXBuildFile; fileRef = 7B602C0E252FBA0D001F7AFF /* TestHomeViewController.swift */; };
		7BCCEDD7252DE75D00568758 /* Category.swift in Sources */ = {isa = PBXBuildFile; fileRef = 7BCCEDD6252DE75D00568758 /* Category.swift */; };
		7BCCEDE3252DF14100568758 /* FilterProtocols.swift in Sources */ = {isa = PBXBuildFile; fileRef = 7BCCEDE2252DF14100568758 /* FilterProtocols.swift */; };
		7BCCEDE8252DF54E00568758 /* FilterRouter.swift in Sources */ = {isa = PBXBuildFile; fileRef = 7BCCEDE7252DF54E00568758 /* FilterRouter.swift */; };
		7BCCEDED252DF58A00568758 /* FilterViewController.swift in Sources */ = {isa = PBXBuildFile; fileRef = 7BCCEDEC252DF58A00568758 /* FilterViewController.swift */; };
		7BCCEDF2252DF59C00568758 /* FilterView.swift in Sources */ = {isa = PBXBuildFile; fileRef = 7BCCEDF1252DF59C00568758 /* FilterView.swift */; };
		7BCCEDF7252DF64B00568758 /* FilterPresenter.swift in Sources */ = {isa = PBXBuildFile; fileRef = 7BCCEDF6252DF64B00568758 /* FilterPresenter.swift */; };
		7BCCEDFC252DF6E200568758 /* FilterInteractor.swift in Sources */ = {isa = PBXBuildFile; fileRef = 7BCCEDFB252DF6E200568758 /* FilterInteractor.swift */; };
		7BCCEE02252DFCE600568758 /* RequestHandler.swift in Sources */ = {isa = PBXBuildFile; fileRef = 7BCCEE01252DFCE600568758 /* RequestHandler.swift */; };
		7BCCEE0A252E059F00568758 /* FilterTableViewCell.swift in Sources */ = {isa = PBXBuildFile; fileRef = 7BCCEE09252E059F00568758 /* FilterTableViewCell.swift */; };
		7BCCEE15252E920A00568758 /* DetailsView.swift in Sources */ = {isa = PBXBuildFile; fileRef = 7BCCEE14252E920800568758 /* DetailsView.swift */; };
		7BCCEE1D252E922C00568758 /* DetailsViewController.swift in Sources */ = {isa = PBXBuildFile; fileRef = 7BCCEE1C252E922C00568758 /* DetailsViewController.swift */; };
		7BCCEE27252E925400568758 /* DetailsRouter.swift in Sources */ = {isa = PBXBuildFile; fileRef = 7BCCEE26252E925400568758 /* DetailsRouter.swift */; };
		7BCCEE2D252E927000568758 /* DetailsProtocols.swift in Sources */ = {isa = PBXBuildFile; fileRef = 7BCCEE2C252E927000568758 /* DetailsProtocols.swift */; };
		7BFC54CA252F9DBE00551181 /* TestHomeInteractor.swift in Sources */ = {isa = PBXBuildFile; fileRef = 7BFC54C9252F9DBE00551181 /* TestHomeInteractor.swift */; };
		7BFC54D2252F9E0A00551181 /* NetworkSessionMock.swift in Sources */ = {isa = PBXBuildFile; fileRef = 7BFC54D1252F9E0A00551181 /* NetworkSessionMock.swift */; };
		7BFC54D7252F9E6C00551181 /* RequestHandlerTest.swift in Sources */ = {isa = PBXBuildFile; fileRef = 7BFC54D6252F9E6C00551181 /* RequestHandlerTest.swift */; };
		7BFC54DC252FA77900551181 /* Items.json in Resources */ = {isa = PBXBuildFile; fileRef = 7BFC54DB252FA77900551181 /* Items.json */; };
		7BFC54E1252FAB3500551181 /* Categories.json in Resources */ = {isa = PBXBuildFile; fileRef = 7BFC54E0252FAB3500551181 /* Categories.json */; };
/* End PBXBuildFile section */

/* Begin PBXContainerItemProxy section */
		7B0B0052252C9C3500E2C8BD /* PBXContainerItemProxy */ = {
			isa = PBXContainerItemProxy;
			containerPortal = 7B0B0033252C9C3200E2C8BD /* Project object */;
			proxyType = 1;
			remoteGlobalIDString = 7B0B003A252C9C3300E2C8BD;
			remoteInfo = TestLeboncoin;
		};
		7B0B005D252C9C3600E2C8BD /* PBXContainerItemProxy */ = {
			isa = PBXContainerItemProxy;
			containerPortal = 7B0B0033252C9C3200E2C8BD /* Project object */;
			proxyType = 1;
			remoteGlobalIDString = 7B0B003A252C9C3300E2C8BD;
			remoteInfo = TestLeboncoin;
		};
/* End PBXContainerItemProxy section */

/* Begin PBXFileReference section */
		33E50419253DD7A500AC1DA1 /* HomeViewModel.swift */ = {isa = PBXFileReference; lastKnownFileType = sourcecode.swift; path = HomeViewModel.swift; sourceTree = "<group>"; };
		7B0B003B252C9C3300E2C8BD /* TestLeboncoin.app */ = {isa = PBXFileReference; explicitFileType = wrapper.application; includeInIndex = 0; path = TestLeboncoin.app; sourceTree = BUILT_PRODUCTS_DIR; };
		7B0B003E252C9C3300E2C8BD /* AppDelegate.swift */ = {isa = PBXFileReference; lastKnownFileType = sourcecode.swift; path = AppDelegate.swift; sourceTree = "<group>"; };
		7B0B0040252C9C3300E2C8BD /* SceneDelegate.swift */ = {isa = PBXFileReference; lastKnownFileType = sourcecode.swift; path = SceneDelegate.swift; sourceTree = "<group>"; };
		7B0B0047252C9C3500E2C8BD /* Assets.xcassets */ = {isa = PBXFileReference; lastKnownFileType = folder.assetcatalog; path = Assets.xcassets; sourceTree = "<group>"; };
		7B0B004A252C9C3500E2C8BD /* Base */ = {isa = PBXFileReference; lastKnownFileType = file.storyboard; name = Base; path = Base.lproj/LaunchScreen.storyboard; sourceTree = "<group>"; };
		7B0B004C252C9C3500E2C8BD /* Info.plist */ = {isa = PBXFileReference; lastKnownFileType = text.plist.xml; path = Info.plist; sourceTree = "<group>"; };
		7B0B0051252C9C3500E2C8BD /* TestLeboncoinTests.xctest */ = {isa = PBXFileReference; explicitFileType = wrapper.cfbundle; includeInIndex = 0; path = TestLeboncoinTests.xctest; sourceTree = BUILT_PRODUCTS_DIR; };
		7B0B0057252C9C3600E2C8BD /* Info.plist */ = {isa = PBXFileReference; lastKnownFileType = text.plist.xml; path = Info.plist; sourceTree = "<group>"; };
		7B0B005C252C9C3600E2C8BD /* TestLeboncoinUITests.xctest */ = {isa = PBXFileReference; explicitFileType = wrapper.cfbundle; includeInIndex = 0; path = TestLeboncoinUITests.xctest; sourceTree = BUILT_PRODUCTS_DIR; };
		7B0B0060252C9C3600E2C8BD /* TestLeboncoinUITests.swift */ = {isa = PBXFileReference; lastKnownFileType = sourcecode.swift; path = TestLeboncoinUITests.swift; sourceTree = "<group>"; };
		7B0B0062252C9C3600E2C8BD /* Info.plist */ = {isa = PBXFileReference; lastKnownFileType = text.plist.xml; path = Info.plist; sourceTree = "<group>"; };
		7B0B0084252CA7D200E2C8BD /* HomeInteractor.swift */ = {isa = PBXFileReference; lastKnownFileType = sourcecode.swift; path = HomeInteractor.swift; sourceTree = "<group>"; };
		7B0B0089252CA7E100E2C8BD /* HomePresenter.swift */ = {isa = PBXFileReference; lastKnownFileType = sourcecode.swift; path = HomePresenter.swift; sourceTree = "<group>"; };
		7B0B008E252CA7FD00E2C8BD /* HomeRouter.swift */ = {isa = PBXFileReference; lastKnownFileType = sourcecode.swift; path = HomeRouter.swift; sourceTree = "<group>"; };
		7B0B0094252CA81F00E2C8BD /* HomeProtocols.swift */ = {isa = PBXFileReference; lastKnownFileType = sourcecode.swift; path = HomeProtocols.swift; sourceTree = "<group>"; };
		7B0B009C252CA93900E2C8BD /* Item.swift */ = {isa = PBXFileReference; lastKnownFileType = sourcecode.swift; path = Item.swift; sourceTree = "<group>"; };
		7B0B00A1252CBF9F00E2C8BD /* HomeViewController.swift */ = {isa = PBXFileReference; lastKnownFileType = sourcecode.swift; path = HomeViewController.swift; sourceTree = "<group>"; };
		7B0B00A6252CC45900E2C8BD /* HomeView.swift */ = {isa = PBXFileReference; lastKnownFileType = sourcecode.swift; path = HomeView.swift; sourceTree = "<group>"; };
		7B0B00AB252CCEE900E2C8BD /* HomeTableViewCell.swift */ = {isa = PBXFileReference; lastKnownFileType = sourcecode.swift; path = HomeTableViewCell.swift; sourceTree = "<group>"; };
		7B0B00BA252D22CE00E2C8BD /* Extensions.swift */ = {isa = PBXFileReference; lastKnownFileType = sourcecode.swift; path = Extensions.swift; sourceTree = "<group>"; };
		7B602C06252FB18E001F7AFF /* TestFilterModule.swift */ = {isa = PBXFileReference; lastKnownFileType = sourcecode.swift; path = TestFilterModule.swift; sourceTree = "<group>"; };
		7B602C0E252FBA0D001F7AFF /* TestHomeViewController.swift */ = {isa = PBXFileReference; lastKnownFileType = sourcecode.swift; path = TestHomeViewController.swift; sourceTree = "<group>"; };
		7BCCEDD6252DE75D00568758 /* Category.swift */ = {isa = PBXFileReference; lastKnownFileType = sourcecode.swift; path = Category.swift; sourceTree = "<group>"; };
		7BCCEDE2252DF14100568758 /* FilterProtocols.swift */ = {isa = PBXFileReference; lastKnownFileType = sourcecode.swift; path = FilterProtocols.swift; sourceTree = "<group>"; };
		7BCCEDE7252DF54E00568758 /* FilterRouter.swift */ = {isa = PBXFileReference; lastKnownFileType = sourcecode.swift; path = FilterRouter.swift; sourceTree = "<group>"; };
		7BCCEDEC252DF58A00568758 /* FilterViewController.swift */ = {isa = PBXFileReference; lastKnownFileType = sourcecode.swift; path = FilterViewController.swift; sourceTree = "<group>"; };
		7BCCEDF1252DF59C00568758 /* FilterView.swift */ = {isa = PBXFileReference; lastKnownFileType = sourcecode.swift; path = FilterView.swift; sourceTree = "<group>"; };
		7BCCEDF6252DF64B00568758 /* FilterPresenter.swift */ = {isa = PBXFileReference; lastKnownFileType = sourcecode.swift; path = FilterPresenter.swift; sourceTree = "<group>"; };
		7BCCEDFB252DF6E200568758 /* FilterInteractor.swift */ = {isa = PBXFileReference; lastKnownFileType = sourcecode.swift; path = FilterInteractor.swift; sourceTree = "<group>"; };
		7BCCEE01252DFCE600568758 /* RequestHandler.swift */ = {isa = PBXFileReference; lastKnownFileType = sourcecode.swift; path = RequestHandler.swift; sourceTree = "<group>"; };
		7BCCEE09252E059F00568758 /* FilterTableViewCell.swift */ = {isa = PBXFileReference; lastKnownFileType = sourcecode.swift; path = FilterTableViewCell.swift; sourceTree = "<group>"; };
		7BCCEE14252E920800568758 /* DetailsView.swift */ = {isa = PBXFileReference; lastKnownFileType = sourcecode.swift; path = DetailsView.swift; sourceTree = "<group>"; };
		7BCCEE1C252E922C00568758 /* DetailsViewController.swift */ = {isa = PBXFileReference; lastKnownFileType = sourcecode.swift; path = DetailsViewController.swift; sourceTree = "<group>"; };
		7BCCEE26252E925400568758 /* DetailsRouter.swift */ = {isa = PBXFileReference; lastKnownFileType = sourcecode.swift; path = DetailsRouter.swift; sourceTree = "<group>"; };
		7BCCEE2C252E927000568758 /* DetailsProtocols.swift */ = {isa = PBXFileReference; lastKnownFileType = sourcecode.swift; path = DetailsProtocols.swift; sourceTree = "<group>"; };
		7BFC54C9252F9DBE00551181 /* TestHomeInteractor.swift */ = {isa = PBXFileReference; lastKnownFileType = sourcecode.swift; path = TestHomeInteractor.swift; sourceTree = "<group>"; };
		7BFC54D1252F9E0A00551181 /* NetworkSessionMock.swift */ = {isa = PBXFileReference; lastKnownFileType = sourcecode.swift; path = NetworkSessionMock.swift; sourceTree = "<group>"; };
		7BFC54D6252F9E6C00551181 /* RequestHandlerTest.swift */ = {isa = PBXFileReference; lastKnownFileType = sourcecode.swift; path = RequestHandlerTest.swift; sourceTree = "<group>"; };
		7BFC54DB252FA77900551181 /* Items.json */ = {isa = PBXFileReference; lastKnownFileType = text.json; path = Items.json; sourceTree = "<group>"; };
		7BFC54E0252FAB3500551181 /* Categories.json */ = {isa = PBXFileReference; lastKnownFileType = text.json; path = Categories.json; sourceTree = "<group>"; };
/* End PBXFileReference section */

/* Begin PBXFrameworksBuildPhase section */
		7B0B0038252C9C3300E2C8BD /* Frameworks */ = {
			isa = PBXFrameworksBuildPhase;
			buildActionMask = 2147483647;
			files = (
			);
			runOnlyForDeploymentPostprocessing = 0;
		};
		7B0B004E252C9C3500E2C8BD /* Frameworks */ = {
			isa = PBXFrameworksBuildPhase;
			buildActionMask = 2147483647;
			files = (
			);
			runOnlyForDeploymentPostprocessing = 0;
		};
		7B0B0059252C9C3600E2C8BD /* Frameworks */ = {
			isa = PBXFrameworksBuildPhase;
			buildActionMask = 2147483647;
			files = (
			);
			runOnlyForDeploymentPostprocessing = 0;
		};
/* End PBXFrameworksBuildPhase section */

/* Begin PBXGroup section */
		7B0B0032252C9C3200E2C8BD = {
			isa = PBXGroup;
			children = (
				7B0B003D252C9C3300E2C8BD /* TestLeboncoin */,
				7B0B0054252C9C3600E2C8BD /* TestLeboncoinTests */,
				7B0B005F252C9C3600E2C8BD /* TestLeboncoinUITests */,
				7B0B003C252C9C3300E2C8BD /* Products */,
			);
			sourceTree = "<group>";
		};
		7B0B003C252C9C3300E2C8BD /* Products */ = {
			isa = PBXGroup;
			children = (
				7B0B003B252C9C3300E2C8BD /* TestLeboncoin.app */,
				7B0B0051252C9C3500E2C8BD /* TestLeboncoinTests.xctest */,
				7B0B005C252C9C3600E2C8BD /* TestLeboncoinUITests.xctest */,
			);
			name = Products;
			sourceTree = "<group>";
		};
		7B0B003D252C9C3300E2C8BD /* TestLeboncoin */ = {
			isa = PBXGroup;
			children = (
				7BCCEE00252DFCC100568758 /* RequestHandler */,
				7B0B00B9252D22B600E2C8BD /* Utils */,
				7B0B007A252CA62300E2C8BD /* Modules */,
				7B0B003E252C9C3300E2C8BD /* AppDelegate.swift */,
				7B0B0040252C9C3300E2C8BD /* SceneDelegate.swift */,
				7B0B0047252C9C3500E2C8BD /* Assets.xcassets */,
				7B0B0049252C9C3500E2C8BD /* LaunchScreen.storyboard */,
				7B0B004C252C9C3500E2C8BD /* Info.plist */,
			);
			path = TestLeboncoin;
			sourceTree = "<group>";
		};
		7B0B0054252C9C3600E2C8BD /* TestLeboncoinTests */ = {
			isa = PBXGroup;
			children = (
				7BFC54D1252F9E0A00551181 /* NetworkSessionMock.swift */,
				7BFC54D6252F9E6C00551181 /* RequestHandlerTest.swift */,
				7BFC54C8252F9D9000551181 /* TestHomeModule */,
				7B602C05252FB167001F7AFF /* TestFilterModule */,
				7B0B0057252C9C3600E2C8BD /* Info.plist */,
			);
			path = TestLeboncoinTests;
			sourceTree = "<group>";
		};
		7B0B005F252C9C3600E2C8BD /* TestLeboncoinUITests */ = {
			isa = PBXGroup;
			children = (
				7B0B0060252C9C3600E2C8BD /* TestLeboncoinUITests.swift */,
				7B0B0062252C9C3600E2C8BD /* Info.plist */,
			);
			path = TestLeboncoinUITests;
			sourceTree = "<group>";
		};
		7B0B007A252CA62300E2C8BD /* Modules */ = {
			isa = PBXGroup;
			children = (
				7B0B007B252CA62C00E2C8BD /* HomeModules */,
				7BCCEDDB252DEFC200568758 /* FilterModules */,
				7BCCEE0E252E90D000568758 /* DetailsModule */,
			);
			path = Modules;
			sourceTree = "<group>";
		};
		7B0B007B252CA62C00E2C8BD /* HomeModules */ = {
			isa = PBXGroup;
			children = (
				7B0B0093252CA80300E2C8BD /* Protocols */,
				7B0B0080252CA66400E2C8BD /* View */,
				7B0B007F252CA65E00E2C8BD /* Interactor */,
				7B0B007E252CA65600E2C8BD /* Presenter */,
				7B0B007D252CA65000E2C8BD /* Entity */,
				7B0B007C252CA64B00E2C8BD /* Router */,
			);
			path = HomeModules;
			sourceTree = "<group>";
		};
		7B0B007C252CA64B00E2C8BD /* Router */ = {
			isa = PBXGroup;
			children = (
				7B0B008E252CA7FD00E2C8BD /* HomeRouter.swift */,
			);
			path = Router;
			sourceTree = "<group>";
		};
		7B0B007D252CA65000E2C8BD /* Entity */ = {
			isa = PBXGroup;
			children = (
				7B0B009C252CA93900E2C8BD /* Item.swift */,
			);
			path = Entity;
			sourceTree = "<group>";
		};
		7B0B007E252CA65600E2C8BD /* Presenter */ = {
			isa = PBXGroup;
			children = (
				7B0B0089252CA7E100E2C8BD /* HomePresenter.swift */,
			);
			path = Presenter;
			sourceTree = "<group>";
		};
		7B0B007F252CA65E00E2C8BD /* Interactor */ = {
			isa = PBXGroup;
			children = (
				7B0B0084252CA7D200E2C8BD /* HomeInteractor.swift */,
			);
			path = Interactor;
			sourceTree = "<group>";
		};
		7B0B0080252CA66400E2C8BD /* View */ = {
			isa = PBXGroup;
			children = (
				7B0B00A1252CBF9F00E2C8BD /* HomeViewController.swift */,
				7B0B00A6252CC45900E2C8BD /* HomeView.swift */,
				7B0B00AB252CCEE900E2C8BD /* HomeTableViewCell.swift */,
				33E50419253DD7A500AC1DA1 /* HomeViewModel.swift */,
			);
			path = View;
			sourceTree = "<group>";
		};
		7B0B0093252CA80300E2C8BD /* Protocols */ = {
			isa = PBXGroup;
			children = (
				7B0B0094252CA81F00E2C8BD /* HomeProtocols.swift */,
			);
			path = Protocols;
			sourceTree = "<group>";
		};
		7B0B00B9252D22B600E2C8BD /* Utils */ = {
			isa = PBXGroup;
			children = (
				7B0B00BA252D22CE00E2C8BD /* Extensions.swift */,
			);
			path = Utils;
			sourceTree = "<group>";
		};
		7B602C05252FB167001F7AFF /* TestFilterModule */ = {
			isa = PBXGroup;
			children = (
				7B602C06252FB18E001F7AFF /* TestFilterModule.swift */,
			);
			path = TestFilterModule;
			sourceTree = "<group>";
		};
		7BCCEDDB252DEFC200568758 /* FilterModules */ = {
			isa = PBXGroup;
			children = (
				7BCCEDE1252DF08A00568758 /* Router */,
				7BCCEDE0252DF08300568758 /* Entity */,
				7BCCEDDF252DF07B00568758 /* Presenter */,
				7BCCEDDE252DF06900568758 /* Interactor */,
				7BCCEDDD252DF06100568758 /* View */,
				7BCCEDDC252DF05600568758 /* Protocols */,
			);
			path = FilterModules;
			sourceTree = "<group>";
		};
		7BCCEDDC252DF05600568758 /* Protocols */ = {
			isa = PBXGroup;
			children = (
				7BCCEDE2252DF14100568758 /* FilterProtocols.swift */,
			);
			path = Protocols;
			sourceTree = "<group>";
		};
		7BCCEDDD252DF06100568758 /* View */ = {
			isa = PBXGroup;
			children = (
				7BCCEDEC252DF58A00568758 /* FilterViewController.swift */,
				7BCCEDF1252DF59C00568758 /* FilterView.swift */,
				7BCCEE09252E059F00568758 /* FilterTableViewCell.swift */,
			);
			path = View;
			sourceTree = "<group>";
		};
		7BCCEDDE252DF06900568758 /* Interactor */ = {
			isa = PBXGroup;
			children = (
				7BCCEDFB252DF6E200568758 /* FilterInteractor.swift */,
			);
			path = Interactor;
			sourceTree = "<group>";
		};
		7BCCEDDF252DF07B00568758 /* Presenter */ = {
			isa = PBXGroup;
			children = (
				7BCCEDF6252DF64B00568758 /* FilterPresenter.swift */,
			);
			path = Presenter;
			sourceTree = "<group>";
		};
		7BCCEDE0252DF08300568758 /* Entity */ = {
			isa = PBXGroup;
			children = (
				7BCCEDD6252DE75D00568758 /* Category.swift */,
			);
			path = Entity;
			sourceTree = "<group>";
		};
		7BCCEDE1252DF08A00568758 /* Router */ = {
			isa = PBXGroup;
			children = (
				7BCCEDE7252DF54E00568758 /* FilterRouter.swift */,
			);
			path = Router;
			sourceTree = "<group>";
		};
		7BCCEE00252DFCC100568758 /* RequestHandler */ = {
			isa = PBXGroup;
			children = (
				7BCCEE01252DFCE600568758 /* RequestHandler.swift */,
			);
			path = RequestHandler;
			sourceTree = "<group>";
		};
		7BCCEE0E252E90D000568758 /* DetailsModule */ = {
			isa = PBXGroup;
			children = (
				7BCCEE2B252E925F00568758 /* Protocols */,
				7BCCEE13252E910900568758 /* View */,
				7BCCEE12252E90FE00568758 /* Presenter */,
				7BCCEE11252E90F600568758 /* Interactor */,
				7BCCEE10252E90EE00568758 /* Entity */,
				7BCCEE0F252E90DF00568758 /* Router */,
			);
			path = DetailsModule;
			sourceTree = "<group>";
		};
		7BCCEE0F252E90DF00568758 /* Router */ = {
			isa = PBXGroup;
			children = (
				7BCCEE26252E925400568758 /* DetailsRouter.swift */,
			);
			path = Router;
			sourceTree = "<group>";
		};
		7BCCEE10252E90EE00568758 /* Entity */ = {
			isa = PBXGroup;
			children = (
			);
			path = Entity;
			sourceTree = "<group>";
		};
		7BCCEE11252E90F600568758 /* Interactor */ = {
			isa = PBXGroup;
			children = (
			);
			path = Interactor;
			sourceTree = "<group>";
		};
		7BCCEE12252E90FE00568758 /* Presenter */ = {
			isa = PBXGroup;
			children = (
			);
			path = Presenter;
			sourceTree = "<group>";
		};
		7BCCEE13252E910900568758 /* View */ = {
			isa = PBXGroup;
			children = (
				7BCCEE14252E920800568758 /* DetailsView.swift */,
				7BCCEE1C252E922C00568758 /* DetailsViewController.swift */,
			);
			path = View;
			sourceTree = "<group>";
		};
		7BCCEE2B252E925F00568758 /* Protocols */ = {
			isa = PBXGroup;
			children = (
				7BCCEE2C252E927000568758 /* DetailsProtocols.swift */,
			);
			path = Protocols;
			sourceTree = "<group>";
		};
		7BFC54C8252F9D9000551181 /* TestHomeModule */ = {
			isa = PBXGroup;
			children = (
				7BFC54C9252F9DBE00551181 /* TestHomeInteractor.swift */,
				7B602C0E252FBA0D001F7AFF /* TestHomeViewController.swift */,
				7BFC54DB252FA77900551181 /* Items.json */,
				7BFC54E0252FAB3500551181 /* Categories.json */,
			);
			path = TestHomeModule;
			sourceTree = "<group>";
		};
/* End PBXGroup section */

/* Begin PBXNativeTarget section */
		7B0B003A252C9C3300E2C8BD /* TestLeboncoin */ = {
			isa = PBXNativeTarget;
			buildConfigurationList = 7B0B0065252C9C3600E2C8BD /* Build configuration list for PBXNativeTarget "TestLeboncoin" */;
			buildPhases = (
				7B0B0037252C9C3300E2C8BD /* Sources */,
				7B0B0038252C9C3300E2C8BD /* Frameworks */,
				7B0B0039252C9C3300E2C8BD /* Resources */,
			);
			buildRules = (
			);
			dependencies = (
			);
			name = TestLeboncoin;
			productName = TestLeboncoin;
			productReference = 7B0B003B252C9C3300E2C8BD /* TestLeboncoin.app */;
			productType = "com.apple.product-type.application";
		};
		7B0B0050252C9C3500E2C8BD /* TestLeboncoinTests */ = {
			isa = PBXNativeTarget;
			buildConfigurationList = 7B0B0068252C9C3600E2C8BD /* Build configuration list for PBXNativeTarget "TestLeboncoinTests" */;
			buildPhases = (
				7B0B004D252C9C3500E2C8BD /* Sources */,
				7B0B004E252C9C3500E2C8BD /* Frameworks */,
				7B0B004F252C9C3500E2C8BD /* Resources */,
			);
			buildRules = (
			);
			dependencies = (
				7B0B0053252C9C3500E2C8BD /* PBXTargetDependency */,
			);
			name = TestLeboncoinTests;
			productName = TestLeboncoinTests;
			productReference = 7B0B0051252C9C3500E2C8BD /* TestLeboncoinTests.xctest */;
			productType = "com.apple.product-type.bundle.unit-test";
		};
		7B0B005B252C9C3600E2C8BD /* TestLeboncoinUITests */ = {
			isa = PBXNativeTarget;
			buildConfigurationList = 7B0B006B252C9C3600E2C8BD /* Build configuration list for PBXNativeTarget "TestLeboncoinUITests" */;
			buildPhases = (
				7B0B0058252C9C3600E2C8BD /* Sources */,
				7B0B0059252C9C3600E2C8BD /* Frameworks */,
				7B0B005A252C9C3600E2C8BD /* Resources */,
			);
			buildRules = (
			);
			dependencies = (
				7B0B005E252C9C3600E2C8BD /* PBXTargetDependency */,
			);
			name = TestLeboncoinUITests;
			productName = TestLeboncoinUITests;
			productReference = 7B0B005C252C9C3600E2C8BD /* TestLeboncoinUITests.xctest */;
			productType = "com.apple.product-type.bundle.ui-testing";
		};
/* End PBXNativeTarget section */

/* Begin PBXProject section */
		7B0B0033252C9C3200E2C8BD /* Project object */ = {
			isa = PBXProject;
			attributes = {
				LastSwiftUpdateCheck = 1200;
				LastUpgradeCheck = 1200;
				TargetAttributes = {
					7B0B003A252C9C3300E2C8BD = {
						CreatedOnToolsVersion = 12.0.1;
					};
					7B0B0050252C9C3500E2C8BD = {
						CreatedOnToolsVersion = 12.0.1;
						TestTargetID = 7B0B003A252C9C3300E2C8BD;
					};
					7B0B005B252C9C3600E2C8BD = {
						CreatedOnToolsVersion = 12.0.1;
						TestTargetID = 7B0B003A252C9C3300E2C8BD;
					};
				};
			};
			buildConfigurationList = 7B0B0036252C9C3200E2C8BD /* Build configuration list for PBXProject "TestLeboncoin" */;
			compatibilityVersion = "Xcode 9.3";
			developmentRegion = en;
			hasScannedForEncodings = 0;
			knownRegions = (
				en,
				Base,
			);
			mainGroup = 7B0B0032252C9C3200E2C8BD;
			productRefGroup = 7B0B003C252C9C3300E2C8BD /* Products */;
			projectDirPath = "";
			projectRoot = "";
			targets = (
				7B0B003A252C9C3300E2C8BD /* TestLeboncoin */,
				7B0B0050252C9C3500E2C8BD /* TestLeboncoinTests */,
				7B0B005B252C9C3600E2C8BD /* TestLeboncoinUITests */,
			);
		};
/* End PBXProject section */

/* Begin PBXResourcesBuildPhase section */
		7B0B0039252C9C3300E2C8BD /* Resources */ = {
			isa = PBXResourcesBuildPhase;
			buildActionMask = 2147483647;
			files = (
				7B0B004B252C9C3500E2C8BD /* LaunchScreen.storyboard in Resources */,
				7B0B0048252C9C3500E2C8BD /* Assets.xcassets in Resources */,
			);
			runOnlyForDeploymentPostprocessing = 0;
		};
		7B0B004F252C9C3500E2C8BD /* Resources */ = {
			isa = PBXResourcesBuildPhase;
			buildActionMask = 2147483647;
			files = (
				7BFC54DC252FA77900551181 /* Items.json in Resources */,
				7BFC54E1252FAB3500551181 /* Categories.json in Resources */,
			);
			runOnlyForDeploymentPostprocessing = 0;
		};
		7B0B005A252C9C3600E2C8BD /* Resources */ = {
			isa = PBXResourcesBuildPhase;
			buildActionMask = 2147483647;
			files = (
			);
			runOnlyForDeploymentPostprocessing = 0;
		};
/* End PBXResourcesBuildPhase section */

/* Begin PBXSourcesBuildPhase section */
		7B0B0037252C9C3300E2C8BD /* Sources */ = {
			isa = PBXSourcesBuildPhase;
			buildActionMask = 2147483647;
			files = (
				7BCCEDF7252DF64B00568758 /* FilterPresenter.swift in Sources */,
				7BCCEDE3252DF14100568758 /* FilterProtocols.swift in Sources */,
				7BCCEDFC252DF6E200568758 /* FilterInteractor.swift in Sources */,
				33E5041A253DD7A500AC1DA1 /* HomeViewModel.swift in Sources */,
				7BCCEE1D252E922C00568758 /* DetailsViewController.swift in Sources */,
				7B0B008F252CA7FD00E2C8BD /* HomeRouter.swift in Sources */,
				7BCCEDE8252DF54E00568758 /* FilterRouter.swift in Sources */,
				7BCCEE02252DFCE600568758 /* RequestHandler.swift in Sources */,
				7B0B003F252C9C3300E2C8BD /* AppDelegate.swift in Sources */,
				7B0B00A7252CC45900E2C8BD /* HomeView.swift in Sources */,
				7BCCEE15252E920A00568758 /* DetailsView.swift in Sources */,
				7B0B0041252C9C3300E2C8BD /* SceneDelegate.swift in Sources */,
				7BCCEE0A252E059F00568758 /* FilterTableViewCell.swift in Sources */,
				7BCCEE27252E925400568758 /* DetailsRouter.swift in Sources */,
				7B0B00AC252CCEE900E2C8BD /* HomeTableViewCell.swift in Sources */,
				7B0B009D252CA93900E2C8BD /* Item.swift in Sources */,
				7B0B00A2252CBF9F00E2C8BD /* HomeViewController.swift in Sources */,
				7BCCEDED252DF58A00568758 /* FilterViewController.swift in Sources */,
				7BCCEE2D252E927000568758 /* DetailsProtocols.swift in Sources */,
				7B0B0095252CA81F00E2C8BD /* HomeProtocols.swift in Sources */,
				7B0B008A252CA7E100E2C8BD /* HomePresenter.swift in Sources */,
				7BCCEDF2252DF59C00568758 /* FilterView.swift in Sources */,
				7B0B00BB252D22CE00E2C8BD /* Extensions.swift in Sources */,
				7B0B0085252CA7D200E2C8BD /* HomeInteractor.swift in Sources */,
				7BCCEDD7252DE75D00568758 /* Category.swift in Sources */,
			);
			runOnlyForDeploymentPostprocessing = 0;
		};
		7B0B004D252C9C3500E2C8BD /* Sources */ = {
			isa = PBXSourcesBuildPhase;
			buildActionMask = 2147483647;
			files = (
				7BFC54D2252F9E0A00551181 /* NetworkSessionMock.swift in Sources */,
				7B602C07252FB18E001F7AFF /* TestFilterModule.swift in Sources */,
				7B602C0F252FBA0D001F7AFF /* TestHomeViewController.swift in Sources */,
				7BFC54D7252F9E6C00551181 /* RequestHandlerTest.swift in Sources */,
				7BFC54CA252F9DBE00551181 /* TestHomeInteractor.swift in Sources */,
			);
			runOnlyForDeploymentPostprocessing = 0;
		};
		7B0B0058252C9C3600E2C8BD /* Sources */ = {
			isa = PBXSourcesBuildPhase;
			buildActionMask = 2147483647;
			files = (
				7B0B0061252C9C3600E2C8BD /* TestLeboncoinUITests.swift in Sources */,
			);
			runOnlyForDeploymentPostprocessing = 0;
		};
/* End PBXSourcesBuildPhase section */

/* Begin PBXTargetDependency section */
		7B0B0053252C9C3500E2C8BD /* PBXTargetDependency */ = {
			isa = PBXTargetDependency;
			target = 7B0B003A252C9C3300E2C8BD /* TestLeboncoin */;
			targetProxy = 7B0B0052252C9C3500E2C8BD /* PBXContainerItemProxy */;
		};
		7B0B005E252C9C3600E2C8BD /* PBXTargetDependency */ = {
			isa = PBXTargetDependency;
			target = 7B0B003A252C9C3300E2C8BD /* TestLeboncoin */;
			targetProxy = 7B0B005D252C9C3600E2C8BD /* PBXContainerItemProxy */;
		};
/* End PBXTargetDependency section */

/* Begin PBXVariantGroup section */
		7B0B0049252C9C3500E2C8BD /* LaunchScreen.storyboard */ = {
			isa = PBXVariantGroup;
			children = (
				7B0B004A252C9C3500E2C8BD /* Base */,
			);
			name = LaunchScreen.storyboard;
			sourceTree = "<group>";
		};
/* End PBXVariantGroup section */

/* Begin XCBuildConfiguration section */
		7B0B0063252C9C3600E2C8BD /* Debug */ = {
			isa = XCBuildConfiguration;
			buildSettings = {
				ALWAYS_SEARCH_USER_PATHS = NO;
				CLANG_ANALYZER_NONNULL = YES;
				CLANG_ANALYZER_NUMBER_OBJECT_CONVERSION = YES_AGGRESSIVE;
				CLANG_CXX_LANGUAGE_STANDARD = "gnu++14";
				CLANG_CXX_LIBRARY = "libc++";
				CLANG_ENABLE_MODULES = YES;
				CLANG_ENABLE_OBJC_ARC = YES;
				CLANG_ENABLE_OBJC_WEAK = YES;
				CLANG_WARN_BLOCK_CAPTURE_AUTORELEASING = YES;
				CLANG_WARN_BOOL_CONVERSION = YES;
				CLANG_WARN_COMMA = YES;
				CLANG_WARN_CONSTANT_CONVERSION = YES;
				CLANG_WARN_DEPRECATED_OBJC_IMPLEMENTATIONS = YES;
				CLANG_WARN_DIRECT_OBJC_ISA_USAGE = YES_ERROR;
				CLANG_WARN_DOCUMENTATION_COMMENTS = YES;
				CLANG_WARN_EMPTY_BODY = YES;
				CLANG_WARN_ENUM_CONVERSION = YES;
				CLANG_WARN_INFINITE_RECURSION = YES;
				CLANG_WARN_INT_CONVERSION = YES;
				CLANG_WARN_NON_LITERAL_NULL_CONVERSION = YES;
				CLANG_WARN_OBJC_IMPLICIT_RETAIN_SELF = YES;
				CLANG_WARN_OBJC_LITERAL_CONVERSION = YES;
				CLANG_WARN_OBJC_ROOT_CLASS = YES_ERROR;
				CLANG_WARN_QUOTED_INCLUDE_IN_FRAMEWORK_HEADER = YES;
				CLANG_WARN_RANGE_LOOP_ANALYSIS = YES;
				CLANG_WARN_STRICT_PROTOTYPES = YES;
				CLANG_WARN_SUSPICIOUS_MOVE = YES;
				CLANG_WARN_UNGUARDED_AVAILABILITY = YES_AGGRESSIVE;
				CLANG_WARN_UNREACHABLE_CODE = YES;
				CLANG_WARN__DUPLICATE_METHOD_MATCH = YES;
				COPY_PHASE_STRIP = NO;
				DEBUG_INFORMATION_FORMAT = dwarf;
				ENABLE_STRICT_OBJC_MSGSEND = YES;
				ENABLE_TESTABILITY = YES;
				GCC_C_LANGUAGE_STANDARD = gnu11;
				GCC_DYNAMIC_NO_PIC = NO;
				GCC_NO_COMMON_BLOCKS = YES;
				GCC_OPTIMIZATION_LEVEL = 0;
				GCC_PREPROCESSOR_DEFINITIONS = (
					"DEBUG=1",
					"$(inherited)",
				);
				GCC_WARN_64_TO_32_BIT_CONVERSION = YES;
				GCC_WARN_ABOUT_RETURN_TYPE = YES_ERROR;
				GCC_WARN_UNDECLARED_SELECTOR = YES;
				GCC_WARN_UNINITIALIZED_AUTOS = YES_AGGRESSIVE;
				GCC_WARN_UNUSED_FUNCTION = YES;
				GCC_WARN_UNUSED_VARIABLE = YES;
				IPHONEOS_DEPLOYMENT_TARGET = 14.0;
				MTL_ENABLE_DEBUG_INFO = INCLUDE_SOURCE;
				MTL_FAST_MATH = YES;
				ONLY_ACTIVE_ARCH = YES;
				SDKROOT = iphoneos;
				SWIFT_ACTIVE_COMPILATION_CONDITIONS = DEBUG;
				SWIFT_OPTIMIZATION_LEVEL = "-Onone";
			};
			name = Debug;
		};
		7B0B0064252C9C3600E2C8BD /* Release */ = {
			isa = XCBuildConfiguration;
			buildSettings = {
				ALWAYS_SEARCH_USER_PATHS = NO;
				CLANG_ANALYZER_NONNULL = YES;
				CLANG_ANALYZER_NUMBER_OBJECT_CONVERSION = YES_AGGRESSIVE;
				CLANG_CXX_LANGUAGE_STANDARD = "gnu++14";
				CLANG_CXX_LIBRARY = "libc++";
				CLANG_ENABLE_MODULES = YES;
				CLANG_ENABLE_OBJC_ARC = YES;
				CLANG_ENABLE_OBJC_WEAK = YES;
				CLANG_WARN_BLOCK_CAPTURE_AUTORELEASING = YES;
				CLANG_WARN_BOOL_CONVERSION = YES;
				CLANG_WARN_COMMA = YES;
				CLANG_WARN_CONSTANT_CONVERSION = YES;
				CLANG_WARN_DEPRECATED_OBJC_IMPLEMENTATIONS = YES;
				CLANG_WARN_DIRECT_OBJC_ISA_USAGE = YES_ERROR;
				CLANG_WARN_DOCUMENTATION_COMMENTS = YES;
				CLANG_WARN_EMPTY_BODY = YES;
				CLANG_WARN_ENUM_CONVERSION = YES;
				CLANG_WARN_INFINITE_RECURSION = YES;
				CLANG_WARN_INT_CONVERSION = YES;
				CLANG_WARN_NON_LITERAL_NULL_CONVERSION = YES;
				CLANG_WARN_OBJC_IMPLICIT_RETAIN_SELF = YES;
				CLANG_WARN_OBJC_LITERAL_CONVERSION = YES;
				CLANG_WARN_OBJC_ROOT_CLASS = YES_ERROR;
				CLANG_WARN_QUOTED_INCLUDE_IN_FRAMEWORK_HEADER = YES;
				CLANG_WARN_RANGE_LOOP_ANALYSIS = YES;
				CLANG_WARN_STRICT_PROTOTYPES = YES;
				CLANG_WARN_SUSPICIOUS_MOVE = YES;
				CLANG_WARN_UNGUARDED_AVAILABILITY = YES_AGGRESSIVE;
				CLANG_WARN_UNREACHABLE_CODE = YES;
				CLANG_WARN__DUPLICATE_METHOD_MATCH = YES;
				COPY_PHASE_STRIP = NO;
				DEBUG_INFORMATION_FORMAT = "dwarf-with-dsym";
				ENABLE_NS_ASSERTIONS = NO;
				ENABLE_STRICT_OBJC_MSGSEND = YES;
				GCC_C_LANGUAGE_STANDARD = gnu11;
				GCC_NO_COMMON_BLOCKS = YES;
				GCC_WARN_64_TO_32_BIT_CONVERSION = YES;
				GCC_WARN_ABOUT_RETURN_TYPE = YES_ERROR;
				GCC_WARN_UNDECLARED_SELECTOR = YES;
				GCC_WARN_UNINITIALIZED_AUTOS = YES_AGGRESSIVE;
				GCC_WARN_UNUSED_FUNCTION = YES;
				GCC_WARN_UNUSED_VARIABLE = YES;
				IPHONEOS_DEPLOYMENT_TARGET = 14.0;
				MTL_ENABLE_DEBUG_INFO = NO;
				MTL_FAST_MATH = YES;
				SDKROOT = iphoneos;
				SWIFT_COMPILATION_MODE = wholemodule;
				SWIFT_OPTIMIZATION_LEVEL = "-O";
				VALIDATE_PRODUCT = YES;
			};
			name = Release;
		};
		7B0B0066252C9C3600E2C8BD /* Debug */ = {
			isa = XCBuildConfiguration;
			buildSettings = {
				ASSETCATALOG_COMPILER_APPICON_NAME = AppIcon;
				ASSETCATALOG_COMPILER_GLOBAL_ACCENT_COLOR_NAME = AccentColor;
				CODE_SIGN_STYLE = Automatic;
				DEVELOPMENT_TEAM = QNE5589RRR;
				INFOPLIST_FILE = TestLeboncoin/Info.plist;
				IPHONEOS_DEPLOYMENT_TARGET = 11.0;
				LD_RUNPATH_SEARCH_PATHS = (
					"$(inherited)",
					"@executable_path/Frameworks",
				);
				PRODUCT_BUNDLE_IDENTIFIER = com.belfekih.TestLeboncoin;
				PRODUCT_NAME = "$(TARGET_NAME)";
				SWIFT_VERSION = 5.0;
				TARGETED_DEVICE_FAMILY = "1,2";
			};
			name = Debug;
		};
		7B0B0067252C9C3600E2C8BD /* Release */ = {
			isa = XCBuildConfiguration;
			buildSettings = {
				ASSETCATALOG_COMPILER_APPICON_NAME = AppIcon;
				ASSETCATALOG_COMPILER_GLOBAL_ACCENT_COLOR_NAME = AccentColor;
				CODE_SIGN_STYLE = Automatic;
				DEVELOPMENT_TEAM = QNE5589RRR;
				INFOPLIST_FILE = TestLeboncoin/Info.plist;
				IPHONEOS_DEPLOYMENT_TARGET = 11.0;
				LD_RUNPATH_SEARCH_PATHS = (
					"$(inherited)",
					"@executable_path/Frameworks",
				);
				PRODUCT_BUNDLE_IDENTIFIER = com.belfekih.TestLeboncoin;
				PRODUCT_NAME = "$(TARGET_NAME)";
				SWIFT_VERSION = 5.0;
				TARGETED_DEVICE_FAMILY = "1,2";
			};
			name = Release;
		};
		7B0B0069252C9C3600E2C8BD /* Debug */ = {
			isa = XCBuildConfiguration;
			buildSettings = {
				ALWAYS_EMBED_SWIFT_STANDARD_LIBRARIES = YES;
				BUNDLE_LOADER = "$(TEST_HOST)";
				CODE_SIGN_STYLE = Automatic;
				DEVELOPMENT_TEAM = QNE5589RRR;
				INFOPLIST_FILE = TestLeboncoinTests/Info.plist;
				IPHONEOS_DEPLOYMENT_TARGET = 14.0;
				LD_RUNPATH_SEARCH_PATHS = (
					"$(inherited)",
					"@executable_path/Frameworks",
					"@loader_path/Frameworks",
				);
				PRODUCT_BUNDLE_IDENTIFIER = com.belfekih.TestLeboncoinTests;
				PRODUCT_NAME = "$(TARGET_NAME)";
				SWIFT_VERSION = 5.0;
				TARGETED_DEVICE_FAMILY = "1,2";
				TEST_HOST = "$(BUILT_PRODUCTS_DIR)/TestLeboncoin.app/TestLeboncoin";
			};
			name = Debug;
		};
		7B0B006A252C9C3600E2C8BD /* Release */ = {
			isa = XCBuildConfiguration;
			buildSettings = {
				ALWAYS_EMBED_SWIFT_STANDARD_LIBRARIES = YES;
				BUNDLE_LOADER = "$(TEST_HOST)";
				CODE_SIGN_STYLE = Automatic;
				DEVELOPMENT_TEAM = QNE5589RRR;
				INFOPLIST_FILE = TestLeboncoinTests/Info.plist;
				IPHONEOS_DEPLOYMENT_TARGET = 14.0;
				LD_RUNPATH_SEARCH_PATHS = (
					"$(inherited)",
					"@executable_path/Frameworks",
					"@loader_path/Frameworks",
				);
				PRODUCT_BUNDLE_IDENTIFIER = com.belfekih.TestLeboncoinTests;
				PRODUCT_NAME = "$(TARGET_NAME)";
				SWIFT_VERSION = 5.0;
				TARGETED_DEVICE_FAMILY = "1,2";
				TEST_HOST = "$(BUILT_PRODUCTS_DIR)/TestLeboncoin.app/TestLeboncoin";
			};
			name = Release;
		};
		7B0B006C252C9C3600E2C8BD /* Debug */ = {
			isa = XCBuildConfiguration;
			buildSettings = {
				ALWAYS_EMBED_SWIFT_STANDARD_LIBRARIES = YES;
				CODE_SIGN_STYLE = Automatic;
				DEVELOPMENT_TEAM = QNE5589RRR;
				INFOPLIST_FILE = TestLeboncoinUITests/Info.plist;
				LD_RUNPATH_SEARCH_PATHS = (
					"$(inherited)",
					"@executable_path/Frameworks",
					"@loader_path/Frameworks",
				);
				PRODUCT_BUNDLE_IDENTIFIER = com.belfekih.TestLeboncoinUITests;
				PRODUCT_NAME = "$(TARGET_NAME)";
				SWIFT_VERSION = 5.0;
				TARGETED_DEVICE_FAMILY = "1,2";
				TEST_TARGET_NAME = TestLeboncoin;
			};
			name = Debug;
		};
		7B0B006D252C9C3600E2C8BD /* Release */ = {
			isa = XCBuildConfiguration;
			buildSettings = {
				ALWAYS_EMBED_SWIFT_STANDARD_LIBRARIES = YES;
				CODE_SIGN_STYLE = Automatic;
				DEVELOPMENT_TEAM = QNE5589RRR;
				INFOPLIST_FILE = TestLeboncoinUITests/Info.plist;
				LD_RUNPATH_SEARCH_PATHS = (
					"$(inherited)",
					"@executable_path/Frameworks",
					"@loader_path/Frameworks",
				);
				PRODUCT_BUNDLE_IDENTIFIER = com.belfekih.TestLeboncoinUITests;
				PRODUCT_NAME = "$(TARGET_NAME)";
				SWIFT_VERSION = 5.0;
				TARGETED_DEVICE_FAMILY = "1,2";
				TEST_TARGET_NAME = TestLeboncoin;
			};
			name = Release;
		};
/* End XCBuildConfiguration section */

/* Begin XCConfigurationList section */
		7B0B0036252C9C3200E2C8BD /* Build configuration list for PBXProject "TestLeboncoin" */ = {
			isa = XCConfigurationList;
			buildConfigurations = (
				7B0B0063252C9C3600E2C8BD /* Debug */,
				7B0B0064252C9C3600E2C8BD /* Release */,
			);
			defaultConfigurationIsVisible = 0;
			defaultConfigurationName = Release;
		};
		7B0B0065252C9C3600E2C8BD /* Build configuration list for PBXNativeTarget "TestLeboncoin" */ = {
			isa = XCConfigurationList;
			buildConfigurations = (
				7B0B0066252C9C3600E2C8BD /* Debug */,
				7B0B0067252C9C3600E2C8BD /* Release */,
			);
			defaultConfigurationIsVisible = 0;
			defaultConfigurationName = Release;
		};
		7B0B0068252C9C3600E2C8BD /* Build configuration list for PBXNativeTarget "TestLeboncoinTests" */ = {
			isa = XCConfigurationList;
			buildConfigurations = (
				7B0B0069252C9C3600E2C8BD /* Debug */,
				7B0B006A252C9C3600E2C8BD /* Release */,
			);
			defaultConfigurationIsVisible = 0;
			defaultConfigurationName = Release;
		};
		7B0B006B252C9C3600E2C8BD /* Build configuration list for PBXNativeTarget "TestLeboncoinUITests" */ = {
			isa = XCConfigurationList;
			buildConfigurations = (
				7B0B006C252C9C3600E2C8BD /* Debug */,
				7B0B006D252C9C3600E2C8BD /* Release */,
			);
			defaultConfigurationIsVisible = 0;
			defaultConfigurationName = Release;
		};
/* End XCConfigurationList section */
	};
	rootObject = 7B0B0033252C9C3200E2C8BD /* Project object */;
}
